
Microsoft Visual Studio Solution File, Format Version 12.00
# Visual Studio Version 17
VisualStudioVersion = 17.5.002.0
MinimumVisualStudioVersion = 10.0.40219.1
<<<<<<< HEAD:SINTAXE_E_IDENTACAO.generated.sln
Project("{9A19103F-16F7-4668-BE54-9A1E7A4F7556}") = "SINTAXE_E_IDENTACAO", "SINTAXE_E_IDENTACAO.csproj", "{01ACD044-C9B7-43C4-9297-61838C913DD3}"
=======
Project("{9A19103F-16F7-4668-BE54-9A1E7A4F7556}") = "DIO", "DIO.csproj", "{7B97635E-848B-4B7E-B852-D27CEF8A4CA4}"
>>>>>>> af9f65f7415feccf6be3ca3b67e36d3134a82adf:DIO.generated.sln
EndProject
Global
	GlobalSection(SolutionConfigurationPlatforms) = preSolution
		Debug|Any CPU = Debug|Any CPU
		Release|Any CPU = Release|Any CPU
	EndGlobalSection
	GlobalSection(ProjectConfigurationPlatforms) = postSolution
<<<<<<< HEAD:SINTAXE_E_IDENTACAO.generated.sln
		{01ACD044-C9B7-43C4-9297-61838C913DD3}.Debug|Any CPU.ActiveCfg = Debug|Any CPU
		{01ACD044-C9B7-43C4-9297-61838C913DD3}.Debug|Any CPU.Build.0 = Debug|Any CPU
		{01ACD044-C9B7-43C4-9297-61838C913DD3}.Release|Any CPU.ActiveCfg = Release|Any CPU
		{01ACD044-C9B7-43C4-9297-61838C913DD3}.Release|Any CPU.Build.0 = Release|Any CPU
=======
		{7B97635E-848B-4B7E-B852-D27CEF8A4CA4}.Debug|Any CPU.ActiveCfg = Debug|Any CPU
		{7B97635E-848B-4B7E-B852-D27CEF8A4CA4}.Debug|Any CPU.Build.0 = Debug|Any CPU
		{7B97635E-848B-4B7E-B852-D27CEF8A4CA4}.Release|Any CPU.ActiveCfg = Release|Any CPU
		{7B97635E-848B-4B7E-B852-D27CEF8A4CA4}.Release|Any CPU.Build.0 = Release|Any CPU
>>>>>>> af9f65f7415feccf6be3ca3b67e36d3134a82adf:DIO.generated.sln
	EndGlobalSection
	GlobalSection(SolutionProperties) = preSolution
		HideSolutionNode = FALSE
	EndGlobalSection
	GlobalSection(ExtensibilityGlobals) = postSolution
		SolutionGuid = {EDF9B44A-BD90-49CA-9ADE-EFE1C4ED094A}
	EndGlobalSection
EndGlobal
